
Microsoft Visual Studio Solution File, Format Version 12.00
# Visual Studio Version 17
VisualStudioVersion = 17.7.34003.232
MinimumVisualStudioVersion = 10.0.40219.1
Project("{FAE04EC0-301F-11D3-BF4B-00C04F79EFBC}") = "MorseCodeSimulator", "MorseCodeSimulator.csproj", "{9CB0B4F4-3E72-4CAE-BDD2-60D14A3FA7CF}"
EndProject
Global
	GlobalSection(SolutionConfigurationPlatforms) = preSolution
		Debug|Any CPU = Debug|Any CPU
		Release|Any CPU = Release|Any CPU
	EndGlobalSection
	GlobalSection(ProjectConfigurationPlatforms) = postSolution
		{9CB0B4F4-3E72-4CAE-BDD2-60D14A3FA7CF}.Debug|Any CPU.ActiveCfg = Debug|Any CPU
		{9CB0B4F4-3E72-4CAE-BDD2-60D14A3FA7CF}.Debug|Any CPU.Build.0 = Debug|Any CPU
		{9CB0B4F4-3E72-4CAE-BDD2-60D14A3FA7CF}.Release|Any CPU.ActiveCfg = Release|Any CPU
		{9CB0B4F4-3E72-4CAE-BDD2-60D14A3FA7CF}.Release|Any CPU.Build.0 = Release|Any CPU
	EndGlobalSection
	GlobalSection(SolutionProperties) = preSolution
		HideSolutionNode = FALSE
	EndGlobalSection
	GlobalSection(ExtensibilityGlobals) = postSolution
		SolutionGuid = {246E2D0E-777F-4383-96E3-3ECD938ADB50}
	EndGlobalSection
EndGlobal
